{
  "version": 4,
  "terraform_version": "1.14.6",
  "serial": 10,
  "lineage": "49b94e5c-24c6-a36b-f6e4-7fd61f5af88e",
  "outputs": {
    "argocd_namespace": {
      "value": "infra-tools",
      "type": "string"
    }
  },
  "resources": [
    {
      "mode": "managed",
      "type": "helm_release",
      "name": "argocd",
      "provider": "provider[\"registry.terraform.io/hashicorp/helm\"]",
      "instances": [
        {
          "status": "tainted",
          "schema_version": 1,
          "attributes": {
            "atomic": false,
            "chart": "argo-cd",
            "cleanup_on_fail": false,
            "create_namespace": false,
            "dependency_update": false,
            "description": null,
            "devel": null,
            "disable_crd_hooks": false,
            "disable_openapi_validation": false,
            "disable_webhooks": false,
            "force_update": false,
            "id": "argocd",
            "keyring": null,
            "lint": false,
            "manifest": null,
            "max_history": 0,
            "metadata": [
              {
                "app_version": "v2.13.0",
                "chart": "argo-cd",
                "first_deployed": 1773308753,
                "last_deployed": 1773308753,
                "name": "argocd",
                "namespace": "infra-tools",
                "notes": "In order to access the server UI you have the following options:\n\n1. kubectl port-forward service/argocd-server -n infra-tools 8080:443\n\n    and then open the browser on http://localhost:8080 and accept the certificate\n\n2. enable ingress in the values file `server.ingress.enabled` and either\n      - Add the annotation for ssl passthrough: https://argo-cd.readthedocs.io/en/stable/operator-manual/ingress/#option-1-ssl-passthrough\n      - Set the `configs.params.\"server.insecure\"` in the values file and terminate SSL at your ingress: https://argo-cd.readthedocs.io/en/stable/operator-manual/ingress/#option-2-multiple-ingress-objects-and-hosts\n\n\nAfter reaching the UI the first time you can login with username: admin and the random password generated during the installation. You can find the password by running:\n\nkubectl -n infra-tools get secret argocd-initial-admin-secret -o jsonpath=\"{.data.password}\" | base64 -d\n\n(You should delete the initial secret afterwards as suggested by the Getting Started Guide: https://argo-cd.readthedocs.io/en/stable/getting_started/#4-login-using-the-cli)\n",
                "revision": 1,
                "values": "{\"configs\":{\"cm\":{\"timeout.reconciliation\":\"30s\"}},\"controller\":{\"resources\":{\"requests\":{\"cpu\":\"50m\",\"memory\":\"64Mi\"}}},\"redis\":{\"enabled\":true},\"repoServer\":{\"resources\":{\"requests\":{\"cpu\":\"50m\",\"memory\":\"64Mi\"}}},\"server\":{\"extraArgs\":[\"--insecure\"],\"resources\":{\"limits\":{\"cpu\":\"500m\",\"memory\":\"512Mi\"},\"requests\":{\"cpu\":\"50m\",\"memory\":\"64Mi\"}},\"service\":{\"type\":\"ClusterIP\"}}}",
                "version": "7.7.0"
              }
            ],
            "name": "argocd",
            "namespace": "infra-tools",
            "pass_credentials": false,
            "postrender": [],
            "recreate_pods": false,
            "render_subchart_notes": true,
            "replace": false,
            "repository": "https://argoproj.github.io/argo-helm",
            "repository_ca_file": null,
            "repository_cert_file": null,
            "repository_key_file": null,
            "repository_password": null,
            "repository_username": null,
            "reset_values": false,
            "reuse_values": false,
            "set": [],
            "set_list": [],
            "set_sensitive": [],
            "skip_crds": false,
            "status": "failed",
            "timeout": 600,
            "upgrade_install": null,
            "values": [
              "configs:\r\n  cm:\r\n    timeout.reconciliation: 30s\r\n\r\nserver:\r\n  service:\r\n    type: ClusterIP\r\n  extraArgs:\r\n    - --insecure\r\n  resources:\r\n    limits:\r\n      cpu: 500m\r\n      memory: 512Mi\r\n    requests:\r\n      cpu: 50m\r\n      memory: 64Mi\r\n\r\ncontroller:\r\n  resources:\r\n    requests:\r\n      cpu: 50m\r\n      memory: 64Mi\r\n\r\nrepoServer:\r\n  resources:\r\n    requests:\r\n      cpu: 50m\r\n      memory: 64Mi\r\n\r\nredis:\r\n  enabled: true"
            ],
            "verify": false,
            "version": "7.7.0",
            "wait": true,
            "wait_for_jobs": false
          },
          "sensitive_attributes": [
            [
              {
                "type": "get_attr",
                "value": "repository_password"
              }
            ]
          ],
          "identity_schema_version": 0,
          "private": "eyJzY2hlbWFfdmVyc2lvbiI6IjEifQ==",
          "dependencies": [
            "kubernetes_namespace_v1.argo"
          ]
        }
      ]
    },
    {
      "mode": "managed",
      "type": "kubernetes_namespace_v1",
      "name": "argo",
      "provider": "provider[\"registry.terraform.io/hashicorp/kubernetes\"]",
      "instances": [
        {
          "schema_version": 0,
          "attributes": {
            "id": "infra-tools",
            "metadata": [
              {
                "annotations": {},
                "generate_name": "",
                "generation": 0,
                "labels": {},
                "name": "infra-tools",
                "resource_version": "7719",
                "uid": "cc3a7a58-ee7f-43a2-8fe0-9876f1ec7e03"
              }
            ],
            "timeouts": null,
            "wait_for_default_service_account": false
          },
          "sensitive_attributes": [],
          "identity_schema_version": 1,
          "identity": {
            "api_version": "v1",
            "kind": "Namespace",
            "name": "infra-tools"
          },
          "private": "eyJlMmJmYjczMC1lY2FhLTExZTYtOGY4OC0zNDM2M2JjN2M0YzAiOnsiZGVsZXRlIjozMDAwMDAwMDAwMDB9fQ=="
        }
      ]
    }
  ],
  "check_results": null
}
